{
  "dependencies": {
    "rpi-gpio": {
      "version": "0.6.0",
      "dependencies": {
        "async": {
          "version": "0.8.0"
        },
        "debug": {
          "version": "0.8.1"
        },
        "epoll": {
          "version": "0.1.13",
          "dependencies": {
            "bindings": {
              "version": "1.2.1"
            },
            "nan": {
              "version": "1.8.4"
            }
          }
        }
      }
    }
  }
}
