{
  "dependencies": {
    "onoff": {
      "version": "1.0.3",
      "dependencies": {
        "epoll": {
          "version": "0.1.16",
          "dependencies": {
            "bindings": {
              "version": "1.2.1"
            },
            "nan": {
              "version": "2.1.0"
            }
          }
        }
      }
    }
  }
}
