{
  "dependencies": {
    "ds18b20": {
      "version": "0.1.0"
    },
    "onoff": {
      "version": "1.0.3",
      "dependencies": {
        "epoll": {
          "version": "0.1.16",
          "dependencies": {
            "bindings": {
              "version": "1.2.1"
            },
            "nan": {
              "version": "2.1.0"
            }
          }
        }
      }
    },
    "rpi-dht-sensor": {
      "version": "0.1.1",
      "dependencies": {
        "nan": {
          "version": "2.3.5"
        },
        "bindings": {
          "version": "1.2.1"
        }
      }
    }
  }
}
